
Microsoft Visual Studio Solution File, Format Version 12.00
# Visual Studio Version 17
VisualStudioVersion = 17.10.34928.147
MinimumVisualStudioVersion = 10.0.40219.1
Project("{FAE04EC0-301F-11D3-BF4B-00C04F79EFBC}") = "Mirxes_Backend", "Mirxes_Backend\Mirxes_Backend.csproj", "{72D0449E-8643-4E75-B3AA-2E40CFACF047}"
EndProject
Global
	GlobalSection(SolutionConfigurationPlatforms) = preSolution
		Debug|Any CPU = Debug|Any CPU
		Release|Any CPU = Release|Any CPU
	EndGlobalSection
	GlobalSection(ProjectConfigurationPlatforms) = postSolution
		{72D0449E-8643-4E75-B3AA-2E40CFACF047}.Debug|Any CPU.ActiveCfg = Debug|Any CPU
		{72D0449E-8643-4E75-B3AA-2E40CFACF047}.Debug|Any CPU.Build.0 = Debug|Any CPU
		{72D0449E-8643-4E75-B3AA-2E40CFACF047}.Release|Any CPU.ActiveCfg = Release|Any CPU
		{72D0449E-8643-4E75-B3AA-2E40CFACF047}.Release|Any CPU.Build.0 = Release|Any CPU
	EndGlobalSection
	GlobalSection(SolutionProperties) = preSolution
		HideSolutionNode = FALSE
	EndGlobalSection
	GlobalSection(ExtensibilityGlobals) = postSolution
		SolutionGuid = {0963A756-4F24-4B45-A055-52114ECBA8A5}
	EndGlobalSection
EndGlobal
